github.com/Masterminds/semver/v3 v3.1.1 h1:hLg3sBzpNErnxhQtUy/mmLR2I9foDujNK030IGemrRc=
github.com/Masterminds/semver/v3 v3.1.1/go.mod h1:VPu/7SZ7ePZ3QOrcuXROw5FAcLl4a0cBrbBpGY/8hQs=
github.com/aws/aws-cdk-go/awscdk/v2 v2.28.1 h1:YL37KHwnAt2TbpKaceH1GKISglsilFtyxfJNJBwYSp4=
github.com/aws/aws-cdk-go/awscdk/v2 v2.28.1/go.mod h1:EY8h/zcTgdfcg4YCjraAvbKnT8YWplL8mLQutTnIj+M=
github.com/aws/aws-sdk-go-v2 v1.16.5 h1:Ah9h1TZD9E2S1LzHpViBO3Jz9FPL5+rmflmb8hXirtI=
github.com/aws/aws-sdk-go-v2 v1.16.5/go.mod h1:Wh7MEsmEApyL5hrWzpDkba4gwAPc5/piwLVLFnCxp48=
github.com/aws/constructs-go/constructs/v10 v10.1.33 h1:oSKj8idTw3abnodW9Q9LTrh5kZcyXucHfUNVixZuhSo=
github.com/aws/constructs-go/constructs/v10 v10.1.33/go.mod h1:qbIG6z4lreP1aYvcZjAGx6fGTSAZtDdeo5p8XPWbMb0=
github.com/aws/jsii-runtime-go v1.60.0/go.mod h1:OPeobFzUctDjq8EXbRZbIphpzQg3lzMs8KH09xuHyk0=
github.com/aws/jsii-runtime-go v1.60.1 h1:b/dh59Rxpqbg3YwkggUSnCRWT1yq7RUOM/2MsleGyXY=
github.com/aws/jsii-runtime-go v1.60.1/go.mod h1:OPeobFzUctDjq8EXbRZbIphpzQg3lzMs8KH09xuHyk0=
github.com/aws/smithy-go v1.11.3 h1:DQixirEFM9IaKxX1olZ3ke3nvxRS2xMDteKIDWxozW8=
github.com/aws/smithy-go v1.11.3/go.mod h1:Tg+OJXh4MB2R/uN61Ko2f6hTZwB/ZYGOtib8J3gBHzA=
github.com/davecgh/go-spew v1.1.0/go.mod h1:J7Y8YcW2NihsgmVo/mv3lAwl/skON4iLHjSsI+c5H38=
github.com/davecgh/go-spew v1.1.1/go.mod h1:J7Y8YcW2NihsgmVo/mv3lAwl/skON4iLHjSsI+c5H38=
github.com/google/go-cmp v0.5.8/go.mod h1:17dUlkBOakJ0+DkrSSNjCkIjxS6bF9zb3elmeNGIjoY=
github.com/jmespath/go-jmespath v0.4.0/go.mod h1:T8mJZnbsbmF+m6zOOFylbeCJqk5+pHWvzYPziyZiYoo=
github.com/jmespath/go-jmespath/internal/testify v1.5.1/go.mod h1:L3OGu8Wl2/fWfCI6z80xFu9LTZmf1ZRjMHUOPmWr69U=
github.com/pmezard/go-difflib v1.0.0/go.mod h1:iKH77koFhYxTK1pcRnkKkqfTogsbg7gZNVY4sRDYZ/4=
github.com/stretchr/objx v0.1.0/go.mod h1:HFkY916IF+rwdDfMAkV7OtwuqBVzrE8GR6GFx+wExME=
github.com/stretchr/testify v1.7.1/go.mod h1:6Fq8oRcR53rry900zMqJjRRixrwX3KX962/h/Wwjteg=
gopkg.in/check.v1 v0.0.0-20161208181325-20d25e280405/go.mod h1:Co6ibVJAznAaIkqp8huTwlJQCZ016jof/cbN4VW5Yz0=
gopkg.in/yaml.v2 v2.2.8/go.mod h1:hI93XBmqTisBFMUTm0b8Fm+jr3Dg1NNxqwp+5A1VGuI=
gopkg.in/yaml.v3 v3.0.0-20200313102051-9f266ea9e77c/go.mod h1:K4uyk7z7BCEPqu6E+C64Yfv1cQ7kz7rIZviUmN+EgEM=
gopkg.in/yaml.v3 v3.0.0-20210107192922-496545a6307b/go.mod h1:K4uyk7z7BCEPqu6E+C64Yfv1cQ7kz7rIZviUmN+EgEM=
