github.com/Masterminds/semver/v3 v3.2.0 h1:3MEsd0SM6jqZojhjLWWeBY+Kcjy9i6MQAeY7YgDP83g=
github.com/Masterminds/semver/v3 v3.2.0/go.mod h1:qvl/7zhW3nngYb5+80sSMF+FG2BjYrf8m9wsX0PNOMQ=
github.com/aws/aws-cdk-go/awscdk v1.202.0-devpreview h1:BZBhCe2mDo3l6wkkwj+ZUWDOJbNV/ejTBJQy/Z+zu5w=
github.com/aws/aws-cdk-go/awscdk v1.202.0-devpreview/go.mod h1:HPs15vMAudAJZXOxjlyL2Vfq/SdIdOuKOkb7m0vrQL8=
github.com/aws/aws-cdk-go/awscdk/v2 v2.80.0 h1:kIdfrGevtwiWksiqYmPcBva87zh2eBk0MobYD6uR13c=
github.com/aws/aws-cdk-go/awscdk/v2 v2.80.0/go.mod h1:wk7IiL79HMGV1MgJD4bCYwqOoPIYHqP7xyN5/ASyyfo=
github.com/aws/aws-sdk-go-v2 v1.18.0 h1:882kkTpSFhdgYRKVZ/VCgf7sd0ru57p2JCxz4/oN5RY=
github.com/aws/aws-sdk-go-v2 v1.18.0/go.mod h1:uzbQtefpm44goOPmdKyAlXSNcwlRgF3ePWVW6EtJvvw=
github.com/aws/constructs-go/constructs/v10 v10.2.26 h1:mAZE2LDalT/1ySrQZEl54hzghsySWosLxWYo+5b+/3U=
github.com/aws/constructs-go/constructs/v10 v10.2.26/go.mod h1:auRY1XPWnLxvn5fR3sZ9SsYOxH/BCQC697s4Yw8B7tk=
github.com/aws/constructs-go/constructs/v3 v3.4.232 h1:YLw1wSu8/qqmacsZWPXI+qFNu4ml2YZwtRZHL2gaB8M=
github.com/aws/constructs-go/constructs/v3 v3.4.232/go.mod h1:ejR5Hd2llgfqo68taM7H/hnri4hrHObbsqbT6YySLMI=
github.com/aws/jsii-runtime-go v1.81.0 h1:/8w1btK2Qy+gH0g/nUQ4z5ugvkWZENgHnKAAyjGwio8=
github.com/aws/jsii-runtime-go v1.81.0/go.mod h1:jcw8fMGc0z+jAZM6x7QAti8IYUUgpxnV5BxZsrXIT9M=
github.com/aws/smithy-go v1.13.5 h1:hgz0X/DX0dGqTYpGALqXJoRKRj5oQ7150i5FdTePzO8=
github.com/aws/smithy-go v1.13.5/go.mod h1:Tg+OJXh4MB2R/uN61Ko2f6hTZwB/ZYGOtib8J3gBHzA=
github.com/cdklabs/awscdk-asset-awscli-go/awscliv1/v2 v2.2.177 h1:NwrkIwocyYMzEb+FUnkmAR92ZbPdDFx6H3YkzGThJIE=
github.com/cdklabs/awscdk-asset-awscli-go/awscliv1/v2 v2.2.177/go.mod h1:zi5wzxD1EhDSZ2DIt9OBRgu5N0ouyaLbBwBDpjM9D1I=
github.com/cdklabs/awscdk-asset-kubectl-go/kubectlv20/v2 v2.1.1 h1:l5N27aCCjAB5cgW5pI4/ujnasPL8hUcJ9KBxrKk6UiQ=
github.com/cdklabs/awscdk-asset-kubectl-go/kubectlv20/v2 v2.1.1/go.mod h1:CvFHBo0qcg8LUkJqIxQtP1rD/sNGv9bX3L2vHT2FUAo=
github.com/cdklabs/awscdk-asset-node-proxy-agent-go/nodeproxyagentv5/v2 v2.0.148 h1:EYJf4AJZu3dfRi1kUGL/KYpB8oGM7YiAO5gduSk6428=
github.com/cdklabs/awscdk-asset-node-proxy-agent-go/nodeproxyagentv5/v2 v2.0.148/go.mod h1:ijFFZkl36TAyu4+h1Abbo8aKUpIzKaDEfXr+LjbaGOA=
github.com/davecgh/go-spew v1.1.0/go.mod h1:J7Y8YcW2NihsgmVo/mv3lAwl/skON4iLHjSsI+c5H38=
github.com/google/go-cmp v0.5.8/go.mod h1:17dUlkBOakJ0+DkrSSNjCkIjxS6bF9zb3elmeNGIjoY=
github.com/jmespath/go-jmespath v0.4.0/go.mod h1:T8mJZnbsbmF+m6zOOFylbeCJqk5+pHWvzYPziyZiYoo=
github.com/jmespath/go-jmespath/internal/testify v1.5.1/go.mod h1:L3OGu8Wl2/fWfCI6z80xFu9LTZmf1ZRjMHUOPmWr69U=
github.com/pmezard/go-difflib v1.0.0/go.mod h1:iKH77koFhYxTK1pcRnkKkqfTogsbg7gZNVY4sRDYZ/4=
github.com/stretchr/objx v0.1.0/go.mod h1:HFkY916IF+rwdDfMAkV7OtwuqBVzrE8GR6GFx+wExME=
gopkg.in/check.v1 v0.0.0-20161208181325-20d25e280405/go.mod h1:Co6ibVJAznAaIkqp8huTwlJQCZ016jof/cbN4VW5Yz0=
gopkg.in/yaml.v2 v2.2.8/go.mod h1:hI93XBmqTisBFMUTm0b8Fm+jr3Dg1NNxqwp+5A1VGuI=
